// !$*UTF8*$!
{
	archiveVersion = 1;
	classes = {
	};
	objectVersion = 46;
	objects = {

/* Begin PBXBuildFile section */
		1712C03E1C29E3E6005C2DCA /* AIZAllGamesViewController.m in Sources */ = {isa = PBXBuildFile; fileRef = 1712C03D1C29E3E6005C2DCA /* AIZAllGamesViewController.m */; };
		178005E31C2AFEB200E38C5A /* AIZAllGamesViewController+UIControls.m in Sources */ = {isa = PBXBuildFile; fileRef = 178005E21C2AFEB200E38C5A /* AIZAllGamesViewController+UIControls.m */; };
		178005E61C2AFFBF00E38C5A /* AIZAllGamesViewController+UIConstraints.m in Sources */ = {isa = PBXBuildFile; fileRef = 178005E51C2AFFBF00E38C5A /* AIZAllGamesViewController+UIConstraints.m */; };
		178005EC1C2B073300E38C5A /* AIZNumber2WordViewController.m in Sources */ = {isa = PBXBuildFile; fileRef = 178005EB1C2B073300E38C5A /* AIZNumber2WordViewController.m */; };
		178005EF1C2B079700E38C5A /* AIZNumber2WordViewController+UIControls.m in Sources */ = {isa = PBXBuildFile; fileRef = 178005EE1C2B079700E38C5A /* AIZNumber2WordViewController+UIControls.m */; };
		178005F21C2B07F800E38C5A /* AIZNumber2WordViewController+UIConstraints.m in Sources */ = {isa = PBXBuildFile; fileRef = 178005F11C2B07F800E38C5A /* AIZNumber2WordViewController+UIConstraints.m */; };
		178005F71C2B0B0900E38C5A /* AIZNumberViewController.m in Sources */ = {isa = PBXBuildFile; fileRef = 178005F61C2B0B0900E38C5A /* AIZNumberViewController.m */; };
		178005FA1C2B0B9000E38C5A /* AIZNumberViewController+UIControls.m in Sources */ = {isa = PBXBuildFile; fileRef = 178005F91C2B0B9000E38C5A /* AIZNumberViewController+UIControls.m */; };
		178005FD1C2B0BE900E38C5A /* AIZNumberViewController+UIConstraints.m in Sources */ = {isa = PBXBuildFile; fileRef = 178005FC1C2B0BE900E38C5A /* AIZNumberViewController+UIConstraints.m */; };
		178006001C2B0C5B00E38C5A /* AIZWordViewController.m in Sources */ = {isa = PBXBuildFile; fileRef = 178005FF1C2B0C5B00E38C5A /* AIZWordViewController.m */; };
		178006031C2B0C9700E38C5A /* AIZWordViewController+UIControls.m in Sources */ = {isa = PBXBuildFile; fileRef = 178006021C2B0C9700E38C5A /* AIZWordViewController+UIControls.m */; };
		178006061C2B0CA700E38C5A /* AIZWordViewController+UIConstraints.m in Sources */ = {isa = PBXBuildFile; fileRef = 178006051C2B0CA700E38C5A /* AIZWordViewController+UIConstraints.m */; };
		178190A61C28303A0016BA81 /* AIZSampleNumbersStore.m in Sources */ = {isa = PBXBuildFile; fileRef = 178190A51C28303A0016BA81 /* AIZSampleNumbersStore.m */; };
		1788A67E1C26163600B131CF /* AIZDigitsStore.m in Sources */ = {isa = PBXBuildFile; fileRef = 1788A67D1C26163600B131CF /* AIZDigitsStore.m */; };
		178B09701C26DDC20037A9F0 /* AIZNumberEditViewController.m in Sources */ = {isa = PBXBuildFile; fileRef = 178B096F1C26DDC20037A9F0 /* AIZNumberEditViewController.m */; };
		178B09731C26EFBD0037A9F0 /* AIZInfoViewController+UIControls.m in Sources */ = {isa = PBXBuildFile; fileRef = 178B09721C26EFBD0037A9F0 /* AIZInfoViewController+UIControls.m */; };
		178B09761C26F3380037A9F0 /* AIZInfoViewController+UIConstraints.m in Sources */ = {isa = PBXBuildFile; fileRef = 178B09751C26F3380037A9F0 /* AIZInfoViewController+UIConstraints.m */; };
		178B09791C26F4730037A9F0 /* AIZConvertorsViewController+UIControls.m in Sources */ = {isa = PBXBuildFile; fileRef = 178B09781C26F4730037A9F0 /* AIZConvertorsViewController+UIControls.m */; };
		178B097C1C26F6350037A9F0 /* AIZConvertorsViewController+UIConstraints.m in Sources */ = {isa = PBXBuildFile; fileRef = 178B097B1C26F6350037A9F0 /* AIZConvertorsViewController+UIConstraints.m */; };
		178B09821C26FB670037A9F0 /* AIZNumberEditViewController+UIControls.m in Sources */ = {isa = PBXBuildFile; fileRef = 178B09811C26FB670037A9F0 /* AIZNumberEditViewController+UIControls.m */; };
		178B09851C26FBAF0037A9F0 /* AIZNumberEditViewController+UIConstraints.m in Sources */ = {isa = PBXBuildFile; fileRef = 178B09841C26FBAF0037A9F0 /* AIZNumberEditViewController+UIConstraints.m */; };
		178B09881C26FCF70037A9F0 /* AIZNumberDetailsViewController+UIControls.m in Sources */ = {isa = PBXBuildFile; fileRef = 178B09871C26FCF70037A9F0 /* AIZNumberDetailsViewController+UIControls.m */; };
		178B098B1C2705E40037A9F0 /* AIZNumberDetailsViewController+UIConstraints.m in Sources */ = {isa = PBXBuildFile; fileRef = 178B098A1C2705E40037A9F0 /* AIZNumberDetailsViewController+UIConstraints.m */; };
		178B098E1C27067C0037A9F0 /* AIZNumbersMasterViewController+TableView.m in Sources */ = {isa = PBXBuildFile; fileRef = 178B098D1C27067C0037A9F0 /* AIZNumbersMasterViewController+TableView.m */; };
		17AA366A1C22B91B00004A65 /* AIZInfoViewController.m in Sources */ = {isa = PBXBuildFile; fileRef = 17AA36691C22B91B00004A65 /* AIZInfoViewController.m */; };
		17C66DE51C1B1EFE00625005 /* main.m in Sources */ = {isa = PBXBuildFile; fileRef = 17C66DE41C1B1EFE00625005 /* main.m */; };
		17C66DE81C1B1EFE00625005 /* AIZAppDelegate.m in Sources */ = {isa = PBXBuildFile; fileRef = 17C66DE71C1B1EFE00625005 /* AIZAppDelegate.m */; };
		17C66DEB1C1B1EFE00625005 /* Mnemonics.xcdatamodeld in Sources */ = {isa = PBXBuildFile; fileRef = 17C66DE91C1B1EFE00625005 /* Mnemonics.xcdatamodeld */; };
		17C66DF31C1B1EFE00625005 /* Images.xcassets in Resources */ = {isa = PBXBuildFile; fileRef = 17C66DF21C1B1EFE00625005 /* Images.xcassets */; };
		17C66E021C1B1EFE00625005 /* MnemonicsTests.m in Sources */ = {isa = PBXBuildFile; fileRef = 17C66E011C1B1EFE00625005 /* MnemonicsTests.m */; };
		17C66E0D1C1B2AFA00625005 /* AIZNumberDetailsViewController.m in Sources */ = {isa = PBXBuildFile; fileRef = 17C66E0C1C1B2AFA00625005 /* AIZNumberDetailsViewController.m */; };
		17C66E101C1B2DB500625005 /* AIZCustomTableViewCell.m in Sources */ = {isa = PBXBuildFile; fileRef = 17C66E0F1C1B2DB500625005 /* AIZCustomTableViewCell.m */; };
		17C66E131C1B319800625005 /* AIZNumbersMasterViewController.m in Sources */ = {isa = PBXBuildFile; fileRef = 17C66E121C1B319800625005 /* AIZNumbersMasterViewController.m */; };
		17CC22861C2C335F00B29CB1 /* AIZGameStore.m in Sources */ = {isa = PBXBuildFile; fileRef = 17CC22851C2C335F00B29CB1 /* AIZGameStore.m */; };
		17CC22891C2C3FC400B29CB1 /* AIZSettingsViewController.m in Sources */ = {isa = PBXBuildFile; fileRef = 17CC22881C2C3FC400B29CB1 /* AIZSettingsViewController.m */; };
		17CC228C1C2C991400B29CB1 /* Number.m in Sources */ = {isa = PBXBuildFile; fileRef = 17CC228B1C2C991400B29CB1 /* Number.m */; };
		17E466FA1C24A957006412AC /* AIZConvertorsViewController.m in Sources */ = {isa = PBXBuildFile; fileRef = 17E466F91C24A957006412AC /* AIZConvertorsViewController.m */; };
		17E98F641C20AB5D00A4E1AA /* LaunchScreen.xib in Resources */ = {isa = PBXBuildFile; fileRef = 17E98F621C20AB5D00A4E1AA /* LaunchScreen.xib */; };
/* End PBXBuildFile section */

/* Begin PBXContainerItemProxy section */
		17C66DFC1C1B1EFE00625005 /* PBXContainerItemProxy */ = {
			isa = PBXContainerItemProxy;
			containerPortal = 17C66DD71C1B1EFE00625005 /* Project object */;
			proxyType = 1;
			remoteGlobalIDString = 17C66DDE1C1B1EFE00625005;
			remoteInfo = Mnemonics;
		};
/* End PBXContainerItemProxy section */

/* Begin PBXFileReference section */
		1712C03C1C29E3E6005C2DCA /* AIZAllGamesViewController.h */ = {isa = PBXFileReference; fileEncoding = 4; lastKnownFileType = sourcecode.c.h; name = AIZAllGamesViewController.h; path = Controllers/GamesControllers/AllGamesController/AIZAllGamesViewController.h; sourceTree = "<group>"; };
		1712C03D1C29E3E6005C2DCA /* AIZAllGamesViewController.m */ = {isa = PBXFileReference; fileEncoding = 4; lastKnownFileType = sourcecode.c.objc; lineEnding = 0; name = AIZAllGamesViewController.m; path = Controllers/GamesControllers/AllGamesController/AIZAllGamesViewController.m; sourceTree = "<group>"; xcLanguageSpecificationIdentifier = xcode.lang.objc; };
		178005E11C2AFEB200E38C5A /* AIZAllGamesViewController+UIControls.h */ = {isa = PBXFileReference; fileEncoding = 4; lastKnownFileType = sourcecode.c.h; name = "AIZAllGamesViewController+UIControls.h"; path = "Controllers/GamesControllers/AllGamesController/AIZAllGamesViewController+UIControls.h"; sourceTree = "<group>"; };
		178005E21C2AFEB200E38C5A /* AIZAllGamesViewController+UIControls.m */ = {isa = PBXFileReference; fileEncoding = 4; lastKnownFileType = sourcecode.c.objc; name = "AIZAllGamesViewController+UIControls.m"; path = "Controllers/GamesControllers/AllGamesController/AIZAllGamesViewController+UIControls.m"; sourceTree = "<group>"; };
		178005E41C2AFFBF00E38C5A /* AIZAllGamesViewController+UIConstraints.h */ = {isa = PBXFileReference; fileEncoding = 4; lastKnownFileType = sourcecode.c.h; name = "AIZAllGamesViewController+UIConstraints.h"; path = "Controllers/GamesControllers/AllGamesController/AIZAllGamesViewController+UIConstraints.h"; sourceTree = "<group>"; };
		178005E51C2AFFBF00E38C5A /* AIZAllGamesViewController+UIConstraints.m */ = {isa = PBXFileReference; fileEncoding = 4; lastKnownFileType = sourcecode.c.objc; name = "AIZAllGamesViewController+UIConstraints.m"; path = "Controllers/GamesControllers/AllGamesController/AIZAllGamesViewController+UIConstraints.m"; sourceTree = "<group>"; };
		178005EA1C2B073300E38C5A /* AIZNumber2WordViewController.h */ = {isa = PBXFileReference; fileEncoding = 4; lastKnownFileType = sourcecode.c.h; name = AIZNumber2WordViewController.h; path = Controllers/GamesControllers/Number2WordGameController/AIZNumber2WordViewController.h; sourceTree = "<group>"; };
		178005EB1C2B073300E38C5A /* AIZNumber2WordViewController.m */ = {isa = PBXFileReference; fileEncoding = 4; lastKnownFileType = sourcecode.c.objc; lineEnding = 0; name = AIZNumber2WordViewController.m; path = Controllers/GamesControllers/Number2WordGameController/AIZNumber2WordViewController.m; sourceTree = "<group>"; xcLanguageSpecificationIdentifier = xcode.lang.objc; };
		178005ED1C2B079700E38C5A /* AIZNumber2WordViewController+UIControls.h */ = {isa = PBXFileReference; fileEncoding = 4; lastKnownFileType = sourcecode.c.h; name = "AIZNumber2WordViewController+UIControls.h"; path = "Controllers/GamesControllers/Number2WordGameController/AIZNumber2WordViewController+UIControls.h"; sourceTree = "<group>"; };
		178005EE1C2B079700E38C5A /* AIZNumber2WordViewController+UIControls.m */ = {isa = PBXFileReference; fileEncoding = 4; lastKnownFileType = sourcecode.c.objc; name = "AIZNumber2WordViewController+UIControls.m"; path = "Controllers/GamesControllers/Number2WordGameController/AIZNumber2WordViewController+UIControls.m"; sourceTree = "<group>"; };
		178005F01C2B07F800E38C5A /* AIZNumber2WordViewController+UIConstraints.h */ = {isa = PBXFileReference; fileEncoding = 4; lastKnownFileType = sourcecode.c.h; name = "AIZNumber2WordViewController+UIConstraints.h"; path = "Controllers/GamesControllers/Number2WordGameController/AIZNumber2WordViewController+UIConstraints.h"; sourceTree = "<group>"; };
		178005F11C2B07F800E38C5A /* AIZNumber2WordViewController+UIConstraints.m */ = {isa = PBXFileReference; fileEncoding = 4; lastKnownFileType = sourcecode.c.objc; name = "AIZNumber2WordViewController+UIConstraints.m"; path = "Controllers/GamesControllers/Number2WordGameController/AIZNumber2WordViewController+UIConstraints.m"; sourceTree = "<group>"; };
		178005F51C2B0B0900E38C5A /* AIZNumberViewController.h */ = {isa = PBXFileReference; fileEncoding = 4; lastKnownFileType = sourcecode.c.h; name = AIZNumberViewController.h; path = Controllers/GamesControllers/NumberController/AIZNumberViewController.h; sourceTree = "<group>"; };
		178005F61C2B0B0900E38C5A /* AIZNumberViewController.m */ = {isa = PBXFileReference; fileEncoding = 4; lastKnownFileType = sourcecode.c.objc; name = AIZNumberViewController.m; path = Controllers/GamesControllers/NumberController/AIZNumberViewController.m; sourceTree = "<group>"; };
		178005F81C2B0B9000E38C5A /* AIZNumberViewController+UIControls.h */ = {isa = PBXFileReference; fileEncoding = 4; lastKnownFileType = sourcecode.c.h; name = "AIZNumberViewController+UIControls.h"; path = "Controllers/GamesControllers/NumberController/AIZNumberViewController+UIControls.h"; sourceTree = "<group>"; };
		178005F91C2B0B9000E38C5A /* AIZNumberViewController+UIControls.m */ = {isa = PBXFileReference; fileEncoding = 4; lastKnownFileType = sourcecode.c.objc; name = "AIZNumberViewController+UIControls.m"; path = "Controllers/GamesControllers/NumberController/AIZNumberViewController+UIControls.m"; sourceTree = "<group>"; };
		178005FB1C2B0BE900E38C5A /* AIZNumberViewController+UIConstraints.h */ = {isa = PBXFileReference; fileEncoding = 4; lastKnownFileType = sourcecode.c.h; name = "AIZNumberViewController+UIConstraints.h"; path = "Controllers/GamesControllers/NumberController/AIZNumberViewController+UIConstraints.h"; sourceTree = "<group>"; };
		178005FC1C2B0BE900E38C5A /* AIZNumberViewController+UIConstraints.m */ = {isa = PBXFileReference; fileEncoding = 4; lastKnownFileType = sourcecode.c.objc; name = "AIZNumberViewController+UIConstraints.m"; path = "Controllers/GamesControllers/NumberController/AIZNumberViewController+UIConstraints.m"; sourceTree = "<group>"; };
		178005FE1C2B0C5B00E38C5A /* AIZWordViewController.h */ = {isa = PBXFileReference; fileEncoding = 4; lastKnownFileType = sourcecode.c.h; name = AIZWordViewController.h; path = Controllers/GamesControllers/WordController/AIZWordViewController.h; sourceTree = "<group>"; };
		178005FF1C2B0C5B00E38C5A /* AIZWordViewController.m */ = {isa = PBXFileReference; fileEncoding = 4; lastKnownFileType = sourcecode.c.objc; name = AIZWordViewController.m; path = Controllers/GamesControllers/WordController/AIZWordViewController.m; sourceTree = "<group>"; };
		178006011C2B0C9700E38C5A /* AIZWordViewController+UIControls.h */ = {isa = PBXFileReference; fileEncoding = 4; lastKnownFileType = sourcecode.c.h; name = "AIZWordViewController+UIControls.h"; path = "Controllers/GamesControllers/WordController/AIZWordViewController+UIControls.h"; sourceTree = "<group>"; };
		178006021C2B0C9700E38C5A /* AIZWordViewController+UIControls.m */ = {isa = PBXFileReference; fileEncoding = 4; lastKnownFileType = sourcecode.c.objc; name = "AIZWordViewController+UIControls.m"; path = "Controllers/GamesControllers/WordController/AIZWordViewController+UIControls.m"; sourceTree = "<group>"; };
		178006041C2B0CA700E38C5A /* AIZWordViewController+UIConstraints.h */ = {isa = PBXFileReference; fileEncoding = 4; lastKnownFileType = sourcecode.c.h; name = "AIZWordViewController+UIConstraints.h"; path = "Controllers/GamesControllers/WordController/AIZWordViewController+UIConstraints.h"; sourceTree = "<group>"; };
		178006051C2B0CA700E38C5A /* AIZWordViewController+UIConstraints.m */ = {isa = PBXFileReference; fileEncoding = 4; lastKnownFileType = sourcecode.c.objc; name = "AIZWordViewController+UIConstraints.m"; path = "Controllers/GamesControllers/WordController/AIZWordViewController+UIConstraints.m"; sourceTree = "<group>"; };
		178190A41C28303A0016BA81 /* AIZSampleNumbersStore.h */ = {isa = PBXFileReference; fileEncoding = 4; lastKnownFileType = sourcecode.c.h; name = AIZSampleNumbersStore.h; path = Models/AIZSampleNumbersStore.h; sourceTree = "<group>"; };
		178190A51C28303A0016BA81 /* AIZSampleNumbersStore.m */ = {isa = PBXFileReference; fileEncoding = 4; lastKnownFileType = sourcecode.c.objc; lineEnding = 0; name = AIZSampleNumbersStore.m; path = Models/AIZSampleNumbersStore.m; sourceTree = "<group>"; xcLanguageSpecificationIdentifier = xcode.lang.objc; };
		1788A67C1C26163600B131CF /* AIZDigitsStore.h */ = {isa = PBXFileReference; fileEncoding = 4; lastKnownFileType = sourcecode.c.h; name = AIZDigitsStore.h; path = Models/AIZDigitsStore.h; sourceTree = "<group>"; };
		1788A67D1C26163600B131CF /* AIZDigitsStore.m */ = {isa = PBXFileReference; fileEncoding = 4; lastKnownFileType = sourcecode.c.objc; name = AIZDigitsStore.m; path = Models/AIZDigitsStore.m; sourceTree = "<group>"; };
		178B096E1C26DDC20037A9F0 /* AIZNumberEditViewController.h */ = {isa = PBXFileReference; fileEncoding = 4; lastKnownFileType = sourcecode.c.h; lineEnding = 0; name = AIZNumberEditViewController.h; path = Controllers/NumbersControllers/NumbersEditController/AIZNumberEditViewController.h; sourceTree = "<group>"; xcLanguageSpecificationIdentifier = xcode.lang.objcpp; };
		178B096F1C26DDC20037A9F0 /* AIZNumberEditViewController.m */ = {isa = PBXFileReference; fileEncoding = 4; lastKnownFileType = sourcecode.c.objc; lineEnding = 0; name = AIZNumberEditViewController.m; path = Controllers/NumbersControllers/NumbersEditController/AIZNumberEditViewController.m; sourceTree = "<group>"; xcLanguageSpecificationIdentifier = xcode.lang.objc; };
		178B09711C26EFBD0037A9F0 /* AIZInfoViewController+UIControls.h */ = {isa = PBXFileReference; fileEncoding = 4; lastKnownFileType = sourcecode.c.h; name = "AIZInfoViewController+UIControls.h"; path = "Controllers/InfoControllers/AIZInfoViewController+UIControls.h"; sourceTree = "<group>"; };
		178B09721C26EFBD0037A9F0 /* AIZInfoViewController+UIControls.m */ = {isa = PBXFileReference; fileEncoding = 4; lastKnownFileType = sourcecode.c.objc; name = "AIZInfoViewController+UIControls.m"; path = "Controllers/InfoControllers/AIZInfoViewController+UIControls.m"; sourceTree = "<group>"; };
		178B09741C26F3380037A9F0 /* AIZInfoViewController+UIConstraints.h */ = {isa = PBXFileReference; fileEncoding = 4; lastKnownFileType = sourcecode.c.h; name = "AIZInfoViewController+UIConstraints.h"; path = "Controllers/InfoControllers/AIZInfoViewController+UIConstraints.h"; sourceTree = "<group>"; };
		178B09751C26F3380037A9F0 /* AIZInfoViewController+UIConstraints.m */ = {isa = PBXFileReference; fileEncoding = 4; lastKnownFileType = sourcecode.c.objc; lineEnding = 0; name = "AIZInfoViewController+UIConstraints.m"; path = "Controllers/InfoControllers/AIZInfoViewController+UIConstraints.m"; sourceTree = "<group>"; xcLanguageSpecificationIdentifier = xcode.lang.objc; };
		178B09771C26F4730037A9F0 /* AIZConvertorsViewController+UIControls.h */ = {isa = PBXFileReference; fileEncoding = 4; lastKnownFileType = sourcecode.c.h; name = "AIZConvertorsViewController+UIControls.h"; path = "Controllers/ConvertorsControllers/AIZConvertorsViewController+UIControls.h"; sourceTree = "<group>"; };
		178B09781C26F4730037A9F0 /* AIZConvertorsViewController+UIControls.m */ = {isa = PBXFileReference; fileEncoding = 4; lastKnownFileType = sourcecode.c.objc; name = "AIZConvertorsViewController+UIControls.m"; path = "Controllers/ConvertorsControllers/AIZConvertorsViewController+UIControls.m"; sourceTree = "<group>"; };
		178B097A1C26F6350037A9F0 /* AIZConvertorsViewController+UIConstraints.h */ = {isa = PBXFileReference; fileEncoding = 4; lastKnownFileType = sourcecode.c.h; path = "AIZConvertorsViewController+UIConstraints.h"; sourceTree = "<group>"; };
		178B097B1C26F6350037A9F0 /* AIZConvertorsViewController+UIConstraints.m */ = {isa = PBXFileReference; fileEncoding = 4; lastKnownFileType = sourcecode.c.objc; lineEnding = 0; path = "AIZConvertorsViewController+UIConstraints.m"; sourceTree = "<group>"; xcLanguageSpecificationIdentifier = xcode.lang.objc; };
		178B09801C26FB670037A9F0 /* AIZNumberEditViewController+UIControls.h */ = {isa = PBXFileReference; fileEncoding = 4; lastKnownFileType = sourcecode.c.h; name = "AIZNumberEditViewController+UIControls.h"; path = "Controllers/NumbersControllers/NumbersEditController/AIZNumberEditViewController+UIControls.h"; sourceTree = "<group>"; };
		178B09811C26FB670037A9F0 /* AIZNumberEditViewController+UIControls.m */ = {isa = PBXFileReference; fileEncoding = 4; lastKnownFileType = sourcecode.c.objc; name = "AIZNumberEditViewController+UIControls.m"; path = "Controllers/NumbersControllers/NumbersEditController/AIZNumberEditViewController+UIControls.m"; sourceTree = "<group>"; };
		178B09831C26FBAF0037A9F0 /* AIZNumberEditViewController+UIConstraints.h */ = {isa = PBXFileReference; fileEncoding = 4; lastKnownFileType = sourcecode.c.h; name = "AIZNumberEditViewController+UIConstraints.h"; path = "Controllers/NumbersControllers/NumbersEditController/AIZNumberEditViewController+UIConstraints.h"; sourceTree = "<group>"; };
		178B09841C26FBAF0037A9F0 /* AIZNumberEditViewController+UIConstraints.m */ = {isa = PBXFileReference; fileEncoding = 4; lastKnownFileType = sourcecode.c.objc; name = "AIZNumberEditViewController+UIConstraints.m"; path = "Controllers/NumbersControllers/NumbersEditController/AIZNumberEditViewController+UIConstraints.m"; sourceTree = "<group>"; };
		178B09861C26FCF70037A9F0 /* AIZNumberDetailsViewController+UIControls.h */ = {isa = PBXFileReference; fileEncoding = 4; lastKnownFileType = sourcecode.c.h; name = "AIZNumberDetailsViewController+UIControls.h"; path = "Controllers/NumbersControllers/NumbersDetailsController/AIZNumberDetailsViewController+UIControls.h"; sourceTree = "<group>"; };
		178B09871C26FCF70037A9F0 /* AIZNumberDetailsViewController+UIControls.m */ = {isa = PBXFileReference; fileEncoding = 4; lastKnownFileType = sourcecode.c.objc; name = "AIZNumberDetailsViewController+UIControls.m"; path = "Controllers/NumbersControllers/NumbersDetailsController/AIZNumberDetailsViewController+UIControls.m"; sourceTree = "<group>"; };
		178B09891C2705E40037A9F0 /* AIZNumberDetailsViewController+UIConstraints.h */ = {isa = PBXFileReference; fileEncoding = 4; lastKnownFileType = sourcecode.c.h; name = "AIZNumberDetailsViewController+UIConstraints.h"; path = "Controllers/NumbersControllers/NumbersDetailsController/AIZNumberDetailsViewController+UIConstraints.h"; sourceTree = "<group>"; };
		178B098A1C2705E40037A9F0 /* AIZNumberDetailsViewController+UIConstraints.m */ = {isa = PBXFileReference; fileEncoding = 4; lastKnownFileType = sourcecode.c.objc; name = "AIZNumberDetailsViewController+UIConstraints.m"; path = "Controllers/NumbersControllers/NumbersDetailsController/AIZNumberDetailsViewController+UIConstraints.m"; sourceTree = "<group>"; };
		178B098C1C27067C0037A9F0 /* AIZNumbersMasterViewController+TableView.h */ = {isa = PBXFileReference; fileEncoding = 4; lastKnownFileType = sourcecode.c.h; name = "AIZNumbersMasterViewController+TableView.h"; path = "Controllers/NumbersControllers/NumbersMasterController/AIZNumbersMasterViewController+TableView.h"; sourceTree = "<group>"; };
		178B098D1C27067C0037A9F0 /* AIZNumbersMasterViewController+TableView.m */ = {isa = PBXFileReference; fileEncoding = 4; lastKnownFileType = sourcecode.c.objc; lineEnding = 0; name = "AIZNumbersMasterViewController+TableView.m"; path = "Controllers/NumbersControllers/NumbersMasterController/AIZNumbersMasterViewController+TableView.m"; sourceTree = "<group>"; xcLanguageSpecificationIdentifier = xcode.lang.objc; };
		17AA36681C22B91B00004A65 /* AIZInfoViewController.h */ = {isa = PBXFileReference; fileEncoding = 4; lastKnownFileType = sourcecode.c.h; name = AIZInfoViewController.h; path = Controllers/InfoControllers/AIZInfoViewController.h; sourceTree = "<group>"; };
		17AA36691C22B91B00004A65 /* AIZInfoViewController.m */ = {isa = PBXFileReference; fileEncoding = 4; lastKnownFileType = sourcecode.c.objc; lineEnding = 0; name = AIZInfoViewController.m; path = Controllers/InfoControllers/AIZInfoViewController.m; sourceTree = "<group>"; xcLanguageSpecificationIdentifier = xcode.lang.objc; };
		17C66DDF1C1B1EFE00625005 /* Mnemonics.app */ = {isa = PBXFileReference; explicitFileType = wrapper.application; includeInIndex = 0; path = Mnemonics.app; sourceTree = BUILT_PRODUCTS_DIR; };
		17C66DE31C1B1EFE00625005 /* Info.plist */ = {isa = PBXFileReference; lastKnownFileType = text.plist.xml; name = Info.plist; path = Assets/Info.plist; sourceTree = "<group>"; };
		17C66DE41C1B1EFE00625005 /* main.m */ = {isa = PBXFileReference; lastKnownFileType = sourcecode.c.objc; name = main.m; path = Assets/main.m; sourceTree = "<group>"; };
		17C66DE61C1B1EFE00625005 /* AIZAppDelegate.h */ = {isa = PBXFileReference; lastKnownFileType = sourcecode.c.h; name = AIZAppDelegate.h; path = Controllers/Base/AIZAppDelegate.h; sourceTree = "<group>"; };
		17C66DE71C1B1EFE00625005 /* AIZAppDelegate.m */ = {isa = PBXFileReference; lastKnownFileType = sourcecode.c.objc; name = AIZAppDelegate.m; path = Controllers/Base/AIZAppDelegate.m; sourceTree = "<group>"; };
		17C66DEA1C1B1EFE00625005 /* Mnemonics.xcdatamodel */ = {isa = PBXFileReference; lastKnownFileType = wrapper.xcdatamodel; path = Mnemonics.xcdatamodel; sourceTree = "<group>"; };
		17C66DF21C1B1EFE00625005 /* Images.xcassets */ = {isa = PBXFileReference; lastKnownFileType = folder.assetcatalog; name = Images.xcassets; path = Assets/Images.xcassets; sourceTree = "<group>"; };
		17C66DFB1C1B1EFE00625005 /* MnemonicsTests.xctest */ = {isa = PBXFileReference; explicitFileType = wrapper.cfbundle; includeInIndex = 0; path = MnemonicsTests.xctest; sourceTree = BUILT_PRODUCTS_DIR; };
		17C66E001C1B1EFE00625005 /* Info.plist */ = {isa = PBXFileReference; lastKnownFileType = text.plist.xml; path = Info.plist; sourceTree = "<group>"; };
		17C66E011C1B1EFE00625005 /* MnemonicsTests.m */ = {isa = PBXFileReference; lastKnownFileType = sourcecode.c.objc; path = MnemonicsTests.m; sourceTree = "<group>"; };
		17C66E0B1C1B2AFA00625005 /* AIZNumberDetailsViewController.h */ = {isa = PBXFileReference; fileEncoding = 4; lastKnownFileType = sourcecode.c.h; lineEnding = 0; name = AIZNumberDetailsViewController.h; path = Controllers/NumbersControllers/NumbersDetailsController/AIZNumberDetailsViewController.h; sourceTree = "<group>"; xcLanguageSpecificationIdentifier = xcode.lang.objcpp; };
		17C66E0C1C1B2AFA00625005 /* AIZNumberDetailsViewController.m */ = {isa = PBXFileReference; fileEncoding = 4; lastKnownFileType = sourcecode.c.objc; lineEnding = 0; name = AIZNumberDetailsViewController.m; path = Controllers/NumbersControllers/NumbersDetailsController/AIZNumberDetailsViewController.m; sourceTree = "<group>"; xcLanguageSpecificationIdentifier = xcode.lang.objc; };
		17C66E0E1C1B2DB500625005 /* AIZCustomTableViewCell.h */ = {isa = PBXFileReference; fileEncoding = 4; lastKnownFileType = sourcecode.c.h; name = AIZCustomTableViewCell.h; path = Views/NumbersViews/AIZCustomTableViewCell.h; sourceTree = "<group>"; };
		17C66E0F1C1B2DB500625005 /* AIZCustomTableViewCell.m */ = {isa = PBXFileReference; fileEncoding = 4; lastKnownFileType = sourcecode.c.objc; name = AIZCustomTableViewCell.m; path = Views/NumbersViews/AIZCustomTableViewCell.m; sourceTree = "<group>"; };
		17C66E111C1B319800625005 /* AIZNumbersMasterViewController.h */ = {isa = PBXFileReference; fileEncoding = 4; lastKnownFileType = sourcecode.c.h; name = AIZNumbersMasterViewController.h; path = Controllers/NumbersControllers/NumbersMasterController/AIZNumbersMasterViewController.h; sourceTree = "<group>"; };
		17C66E121C1B319800625005 /* AIZNumbersMasterViewController.m */ = {isa = PBXFileReference; fileEncoding = 4; lastKnownFileType = sourcecode.c.objc; lineEnding = 0; name = AIZNumbersMasterViewController.m; path = Controllers/NumbersControllers/NumbersMasterController/AIZNumbersMasterViewController.m; sourceTree = "<group>"; xcLanguageSpecificationIdentifier = xcode.lang.objc; };
		17CC22841C2C335F00B29CB1 /* AIZGameStore.h */ = {isa = PBXFileReference; fileEncoding = 4; lastKnownFileType = sourcecode.c.h; name = AIZGameStore.h; path = Models/AIZGameStore.h; sourceTree = "<group>"; };
		17CC22851C2C335F00B29CB1 /* AIZGameStore.m */ = {isa = PBXFileReference; fileEncoding = 4; lastKnownFileType = sourcecode.c.objc; name = AIZGameStore.m; path = Models/AIZGameStore.m; sourceTree = "<group>"; };
		17CC22871C2C3FC400B29CB1 /* AIZSettingsViewController.h */ = {isa = PBXFileReference; fileEncoding = 4; lastKnownFileType = sourcecode.c.h; name = AIZSettingsViewController.h; path = Controllers/GamesControllers/Number2WordGameController/AIZSettingsViewController.h; sourceTree = "<group>"; };
		17CC22881C2C3FC400B29CB1 /* AIZSettingsViewController.m */ = {isa = PBXFileReference; fileEncoding = 4; lastKnownFileType = sourcecode.c.objc; lineEnding = 0; name = AIZSettingsViewController.m; path = Controllers/GamesControllers/Number2WordGameController/AIZSettingsViewController.m; sourceTree = "<group>"; xcLanguageSpecificationIdentifier = xcode.lang.objc; };
		17CC228A1C2C991400B29CB1 /* Number.h */ = {isa = PBXFileReference; fileEncoding = 4; lastKnownFileType = sourcecode.c.h; lineEnding = 0; name = Number.h; path = Models/Number.h; sourceTree = "<group>"; xcLanguageSpecificationIdentifier = xcode.lang.objcpp; };
		17CC228B1C2C991400B29CB1 /* Number.m */ = {isa = PBXFileReference; fileEncoding = 4; lastKnownFileType = sourcecode.c.objc; lineEnding = 0; name = Number.m; path = Models/Number.m; sourceTree = "<group>"; xcLanguageSpecificationIdentifier = xcode.lang.objc; };
		17E466F81C24A957006412AC /* AIZConvertorsViewController.h */ = {isa = PBXFileReference; fileEncoding = 4; lastKnownFileType = sourcecode.c.h; name = AIZConvertorsViewController.h; path = Controllers/ConvertorsControllers/AIZConvertorsViewController.h; sourceTree = "<group>"; };
		17E466F91C24A957006412AC /* AIZConvertorsViewController.m */ = {isa = PBXFileReference; fileEncoding = 4; lastKnownFileType = sourcecode.c.objc; lineEnding = 0; name = AIZConvertorsViewController.m; path = Controllers/ConvertorsControllers/AIZConvertorsViewController.m; sourceTree = "<group>"; xcLanguageSpecificationIdentifier = xcode.lang.objc; };
		17E98F631C20AB5D00A4E1AA /* Base */ = {isa = PBXFileReference; lastKnownFileType = file.xib; name = Base; path = Mnemonics/Base.lproj/LaunchScreen.xib; sourceTree = "<group>"; };
/* End PBXFileReference section */

/* Begin PBXFrameworksBuildPhase section */
		17C66DDC1C1B1EFE00625005 /* Frameworks */ = {
			isa = PBXFrameworksBuildPhase;
			buildActionMask = 2147483647;
			files = (
			);
			runOnlyForDeploymentPostprocessing = 0;
		};
		17C66DF81C1B1EFE00625005 /* Frameworks */ = {
			isa = PBXFrameworksBuildPhase;
			buildActionMask = 2147483647;
			files = (
			);
			runOnlyForDeploymentPostprocessing = 0;
		};
/* End PBXFrameworksBuildPhase section */

/* Begin PBXGroup section */
		1712C03B1C29E353005C2DCA /* GamesControllers */ = {
			isa = PBXGroup;
			children = (
				178005F41C2B0AED00E38C5A /* WordController */,
				178005F31C2B0AD100E38C5A /* NumberController */,
				178005E71C2B066400E38C5A /* AllGamesController */,
				178005E81C2B06AB00E38C5A /* Number2WordGameController */,
				178005E91C2B06B600E38C5A /* Word2NumberGameController */,
			);
			name = GamesControllers;
			sourceTree = "<group>";
		};
		178005E71C2B066400E38C5A /* AllGamesController */ = {
			isa = PBXGroup;
			children = (
				1712C03C1C29E3E6005C2DCA /* AIZAllGamesViewController.h */,
				1712C03D1C29E3E6005C2DCA /* AIZAllGamesViewController.m */,
				178005E11C2AFEB200E38C5A /* AIZAllGamesViewController+UIControls.h */,
				178005E21C2AFEB200E38C5A /* AIZAllGamesViewController+UIControls.m */,
				178005E41C2AFFBF00E38C5A /* AIZAllGamesViewController+UIConstraints.h */,
				178005E51C2AFFBF00E38C5A /* AIZAllGamesViewController+UIConstraints.m */,
			);
			name = AllGamesController;
			sourceTree = "<group>";
		};
		178005E81C2B06AB00E38C5A /* Number2WordGameController */ = {
			isa = PBXGroup;
			children = (
				178005EA1C2B073300E38C5A /* AIZNumber2WordViewController.h */,
				178005EB1C2B073300E38C5A /* AIZNumber2WordViewController.m */,
				178005ED1C2B079700E38C5A /* AIZNumber2WordViewController+UIControls.h */,
				178005EE1C2B079700E38C5A /* AIZNumber2WordViewController+UIControls.m */,
				178005F01C2B07F800E38C5A /* AIZNumber2WordViewController+UIConstraints.h */,
				178005F11C2B07F800E38C5A /* AIZNumber2WordViewController+UIConstraints.m */,
				17CC22871C2C3FC400B29CB1 /* AIZSettingsViewController.h */,
				17CC22881C2C3FC400B29CB1 /* AIZSettingsViewController.m */,
			);
			name = Number2WordGameController;
			sourceTree = "<group>";
		};
		178005E91C2B06B600E38C5A /* Word2NumberGameController */ = {
			isa = PBXGroup;
			children = (
			);
			name = Word2NumberGameController;
			sourceTree = "<group>";
		};
		178005F31C2B0AD100E38C5A /* NumberController */ = {
			isa = PBXGroup;
			children = (
				178005F51C2B0B0900E38C5A /* AIZNumberViewController.h */,
				178005F61C2B0B0900E38C5A /* AIZNumberViewController.m */,
				178005F81C2B0B9000E38C5A /* AIZNumberViewController+UIControls.h */,
				178005F91C2B0B9000E38C5A /* AIZNumberViewController+UIControls.m */,
				178005FB1C2B0BE900E38C5A /* AIZNumberViewController+UIConstraints.h */,
				178005FC1C2B0BE900E38C5A /* AIZNumberViewController+UIConstraints.m */,
			);
			name = NumberController;
			sourceTree = "<group>";
		};
		178005F41C2B0AED00E38C5A /* WordController */ = {
			isa = PBXGroup;
			children = (
				178005FE1C2B0C5B00E38C5A /* AIZWordViewController.h */,
				178005FF1C2B0C5B00E38C5A /* AIZWordViewController.m */,
				178006011C2B0C9700E38C5A /* AIZWordViewController+UIControls.h */,
				178006021C2B0C9700E38C5A /* AIZWordViewController+UIControls.m */,
				178006041C2B0CA700E38C5A /* AIZWordViewController+UIConstraints.h */,
				178006051C2B0CA700E38C5A /* AIZWordViewController+UIConstraints.m */,
			);
			name = WordController;
			sourceTree = "<group>";
		};
		178B097D1C26F97C0037A9F0 /* NumbersMasterController */ = {
			isa = PBXGroup;
			children = (
				17C66E111C1B319800625005 /* AIZNumbersMasterViewController.h */,
				17C66E121C1B319800625005 /* AIZNumbersMasterViewController.m */,
				178B098C1C27067C0037A9F0 /* AIZNumbersMasterViewController+TableView.h */,
				178B098D1C27067C0037A9F0 /* AIZNumbersMasterViewController+TableView.m */,
			);
			name = NumbersMasterController;
			sourceTree = "<group>";
		};
		178B097E1C26F9850037A9F0 /* NumbersEditController */ = {
			isa = PBXGroup;
			children = (
				178B096E1C26DDC20037A9F0 /* AIZNumberEditViewController.h */,
				178B096F1C26DDC20037A9F0 /* AIZNumberEditViewController.m */,
				178B09801C26FB670037A9F0 /* AIZNumberEditViewController+UIControls.h */,
				178B09811C26FB670037A9F0 /* AIZNumberEditViewController+UIControls.m */,
				178B09831C26FBAF0037A9F0 /* AIZNumberEditViewController+UIConstraints.h */,
				178B09841C26FBAF0037A9F0 /* AIZNumberEditViewController+UIConstraints.m */,
			);
			name = NumbersEditController;
			sourceTree = "<group>";
		};
		178B097F1C26F98D0037A9F0 /* NumbersDetailsController */ = {
			isa = PBXGroup;
			children = (
				17C66E0B1C1B2AFA00625005 /* AIZNumberDetailsViewController.h */,
				17C66E0C1C1B2AFA00625005 /* AIZNumberDetailsViewController.m */,
				178B09861C26FCF70037A9F0 /* AIZNumberDetailsViewController+UIControls.h */,
				178B09871C26FCF70037A9F0 /* AIZNumberDetailsViewController+UIControls.m */,
				178B09891C2705E40037A9F0 /* AIZNumberDetailsViewController+UIConstraints.h */,
				178B098A1C2705E40037A9F0 /* AIZNumberDetailsViewController+UIConstraints.m */,
			);
			name = NumbersDetailsController;
			sourceTree = "<group>";
		};
		17AA36671C22B8E500004A65 /* InfoControllers */ = {
			isa = PBXGroup;
			children = (
				17AA36681C22B91B00004A65 /* AIZInfoViewController.h */,
				17AA36691C22B91B00004A65 /* AIZInfoViewController.m */,
				178B09711C26EFBD0037A9F0 /* AIZInfoViewController+UIControls.h */,
				178B09721C26EFBD0037A9F0 /* AIZInfoViewController+UIControls.m */,
				178B09741C26F3380037A9F0 /* AIZInfoViewController+UIConstraints.h */,
				178B09751C26F3380037A9F0 /* AIZInfoViewController+UIConstraints.m */,
			);
			name = InfoControllers;
			sourceTree = "<group>";
		};
		17C66DD61C1B1EFE00625005 = {
			isa = PBXGroup;
			children = (
				17C66DE11C1B1EFE00625005 /* Mnemonics */,
				17C66DFE1C1B1EFE00625005 /* MnemonicsTests */,
				17C66DE01C1B1EFE00625005 /* Products */,
			);
			sourceTree = "<group>";
		};
		17C66DE01C1B1EFE00625005 /* Products */ = {
			isa = PBXGroup;
			children = (
				17C66DDF1C1B1EFE00625005 /* Mnemonics.app */,
				17C66DFB1C1B1EFE00625005 /* MnemonicsTests.xctest */,
			);
			name = Products;
			sourceTree = "<group>";
		};
		17C66DE11C1B1EFE00625005 /* Mnemonics */ = {
			isa = PBXGroup;
			children = (
				17EE98551C204CEA00EB9905 /* Controllers */,
				17EE98571C204D0B00EB9905 /* Views */,
				17EE98581C204D1400EB9905 /* Models */,
				17EE98561C204D0300EB9905 /* Assets */,
				17C66DE91C1B1EFE00625005 /* Mnemonics.xcdatamodeld */,
				17E98F621C20AB5D00A4E1AA /* LaunchScreen.xib */,
			);
			path = Mnemonics;
			sourceTree = "<group>";
		};
		17C66DFE1C1B1EFE00625005 /* MnemonicsTests */ = {
			isa = PBXGroup;
			children = (
				17C66E011C1B1EFE00625005 /* MnemonicsTests.m */,
				17C66DFF1C1B1EFE00625005 /* Supporting Files */,
			);
			path = MnemonicsTests;
			sourceTree = "<group>";
		};
		17C66DFF1C1B1EFE00625005 /* Supporting Files */ = {
			isa = PBXGroup;
			children = (
				17C66E001C1B1EFE00625005 /* Info.plist */,
			);
			name = "Supporting Files";
			sourceTree = "<group>";
		};
		17E466F71C24A924006412AC /* ConvertorsControllers */ = {
			isa = PBXGroup;
			children = (
				17E466F81C24A957006412AC /* AIZConvertorsViewController.h */,
				17E466F91C24A957006412AC /* AIZConvertorsViewController.m */,
				178B09771C26F4730037A9F0 /* AIZConvertorsViewController+UIControls.h */,
				178B09781C26F4730037A9F0 /* AIZConvertorsViewController+UIControls.m */,
				178B097A1C26F6350037A9F0 /* AIZConvertorsViewController+UIConstraints.h */,
				178B097B1C26F6350037A9F0 /* AIZConvertorsViewController+UIConstraints.m */,
			);
			name = ConvertorsControllers;
			sourceTree = "<group>";
		};
		17E98F5E1C20A77400A4E1AA /* NumbersControllers */ = {
			isa = PBXGroup;
			children = (
				178B097D1C26F97C0037A9F0 /* NumbersMasterController */,
				178B097F1C26F98D0037A9F0 /* NumbersDetailsController */,
				178B097E1C26F9850037A9F0 /* NumbersEditController */,
			);
			name = NumbersControllers;
			sourceTree = "<group>";
		};
		17E98F5F1C20A7F200A4E1AA /* NumbersViews */ = {
			isa = PBXGroup;
			children = (
				17C66E0E1C1B2DB500625005 /* AIZCustomTableViewCell.h */,
				17C66E0F1C1B2DB500625005 /* AIZCustomTableViewCell.m */,
			);
			name = NumbersViews;
			sourceTree = "<group>";
		};
		17E98F651C20AC7F00A4E1AA /* Base */ = {
			isa = PBXGroup;
			children = (
				17C66DE61C1B1EFE00625005 /* AIZAppDelegate.h */,
				17C66DE71C1B1EFE00625005 /* AIZAppDelegate.m */,
			);
			name = Base;
			sourceTree = "<group>";
		};
		17EE98551C204CEA00EB9905 /* Controllers */ = {
			isa = PBXGroup;
			children = (
				17E98F651C20AC7F00A4E1AA /* Base */,
				17E98F5E1C20A77400A4E1AA /* NumbersControllers */,
				1712C03B1C29E353005C2DCA /* GamesControllers */,
				17E466F71C24A924006412AC /* ConvertorsControllers */,
				17AA36671C22B8E500004A65 /* InfoControllers */,
			);
			name = Controllers;
			sourceTree = "<group>";
		};
		17EE98561C204D0300EB9905 /* Assets */ = {
			isa = PBXGroup;
			children = (
				17C66DF21C1B1EFE00625005 /* Images.xcassets */,
				17C66DE31C1B1EFE00625005 /* Info.plist */,
				17C66DE41C1B1EFE00625005 /* main.m */,
			);
			name = Assets;
			sourceTree = "<group>";
		};
		17EE98571C204D0B00EB9905 /* Views */ = {
			isa = PBXGroup;
			children = (
				17E98F5F1C20A7F200A4E1AA /* NumbersViews */,
			);
			name = Views;
			sourceTree = "<group>";
		};
		17EE98581C204D1400EB9905 /* Models */ = {
			isa = PBXGroup;
			children = (
				17CC228A1C2C991400B29CB1 /* Number.h */,
				17CC228B1C2C991400B29CB1 /* Number.m */,
				1788A67C1C26163600B131CF /* AIZDigitsStore.h */,
				1788A67D1C26163600B131CF /* AIZDigitsStore.m */,
				178190A41C28303A0016BA81 /* AIZSampleNumbersStore.h */,
				178190A51C28303A0016BA81 /* AIZSampleNumbersStore.m */,
				17CC22841C2C335F00B29CB1 /* AIZGameStore.h */,
				17CC22851C2C335F00B29CB1 /* AIZGameStore.m */,
			);
			name = Models;
			sourceTree = "<group>";
		};
/* End PBXGroup section */

/* Begin PBXNativeTarget section */
		17C66DDE1C1B1EFE00625005 /* Mnemonics */ = {
			isa = PBXNativeTarget;
			buildConfigurationList = 17C66E051C1B1EFE00625005 /* Build configuration list for PBXNativeTarget "Mnemonics" */;
			buildPhases = (
				17C66DDB1C1B1EFE00625005 /* Sources */,
				17C66DDC1C1B1EFE00625005 /* Frameworks */,
				17C66DDD1C1B1EFE00625005 /* Resources */,
			);
			buildRules = (
			);
			dependencies = (
			);
			name = Mnemonics;
			productName = Mnemonics;
			productReference = 17C66DDF1C1B1EFE00625005 /* Mnemonics.app */;
			productType = "com.apple.product-type.application";
		};
		17C66DFA1C1B1EFE00625005 /* MnemonicsTests */ = {
			isa = PBXNativeTarget;
			buildConfigurationList = 17C66E081C1B1EFE00625005 /* Build configuration list for PBXNativeTarget "MnemonicsTests" */;
			buildPhases = (
				17C66DF71C1B1EFE00625005 /* Sources */,
				17C66DF81C1B1EFE00625005 /* Frameworks */,
				17C66DF91C1B1EFE00625005 /* Resources */,
			);
			buildRules = (
			);
			dependencies = (
				17C66DFD1C1B1EFE00625005 /* PBXTargetDependency */,
			);
			name = MnemonicsTests;
			productName = MnemonicsTests;
			productReference = 17C66DFB1C1B1EFE00625005 /* MnemonicsTests.xctest */;
			productType = "com.apple.product-type.bundle.unit-test";
		};
/* End PBXNativeTarget section */

/* Begin PBXProject section */
		17C66DD71C1B1EFE00625005 /* Project object */ = {
			isa = PBXProject;
			attributes = {
				LastUpgradeCheck = 0640;
				ORGANIZATIONNAME = "Alex Izotov";
				TargetAttributes = {
					17C66DDE1C1B1EFE00625005 = {
						CreatedOnToolsVersion = 6.4;
					};
					17C66DFA1C1B1EFE00625005 = {
						CreatedOnToolsVersion = 6.4;
						TestTargetID = 17C66DDE1C1B1EFE00625005;
					};
				};
			};
			buildConfigurationList = 17C66DDA1C1B1EFE00625005 /* Build configuration list for PBXProject "Mnemonics" */;
			compatibilityVersion = "Xcode 3.2";
			developmentRegion = English;
			hasScannedForEncodings = 0;
			knownRegions = (
				en,
				Base,
			);
			mainGroup = 17C66DD61C1B1EFE00625005;
			productRefGroup = 17C66DE01C1B1EFE00625005 /* Products */;
			projectDirPath = "";
			projectRoot = "";
			targets = (
				17C66DDE1C1B1EFE00625005 /* Mnemonics */,
				17C66DFA1C1B1EFE00625005 /* MnemonicsTests */,
			);
		};
/* End PBXProject section */

/* Begin PBXResourcesBuildPhase section */
		17C66DDD1C1B1EFE00625005 /* Resources */ = {
			isa = PBXResourcesBuildPhase;
			buildActionMask = 2147483647;
			files = (
				17E98F641C20AB5D00A4E1AA /* LaunchScreen.xib in Resources */,
				17C66DF31C1B1EFE00625005 /* Images.xcassets in Resources */,
			);
			runOnlyForDeploymentPostprocessing = 0;
		};
		17C66DF91C1B1EFE00625005 /* Resources */ = {
			isa = PBXResourcesBuildPhase;
			buildActionMask = 2147483647;
			files = (
			);
			runOnlyForDeploymentPostprocessing = 0;
		};
/* End PBXResourcesBuildPhase section */

/* Begin PBXSourcesBuildPhase section */
		17C66DDB1C1B1EFE00625005 /* Sources */ = {
			isa = PBXSourcesBuildPhase;
			buildActionMask = 2147483647;
			files = (
				178190A61C28303A0016BA81 /* AIZSampleNumbersStore.m in Sources */,
				17E466FA1C24A957006412AC /* AIZConvertorsViewController.m in Sources */,
				178006061C2B0CA700E38C5A /* AIZWordViewController+UIConstraints.m in Sources */,
				178006001C2B0C5B00E38C5A /* AIZWordViewController.m in Sources */,
				17CC228C1C2C991400B29CB1 /* Number.m in Sources */,
				17CC22891C2C3FC400B29CB1 /* AIZSettingsViewController.m in Sources */,
				178B098B1C2705E40037A9F0 /* AIZNumberDetailsViewController+UIConstraints.m in Sources */,
				178005EF1C2B079700E38C5A /* AIZNumber2WordViewController+UIControls.m in Sources */,
				178005F71C2B0B0900E38C5A /* AIZNumberViewController.m in Sources */,
				178005EC1C2B073300E38C5A /* AIZNumber2WordViewController.m in Sources */,
				17C66E0D1C1B2AFA00625005 /* AIZNumberDetailsViewController.m in Sources */,
				178005E31C2AFEB200E38C5A /* AIZAllGamesViewController+UIControls.m in Sources */,
				178005E61C2AFFBF00E38C5A /* AIZAllGamesViewController+UIConstraints.m in Sources */,
				178B09821C26FB670037A9F0 /* AIZNumberEditViewController+UIControls.m in Sources */,
				178B09791C26F4730037A9F0 /* AIZConvertorsViewController+UIControls.m in Sources */,
				178B09731C26EFBD0037A9F0 /* AIZInfoViewController+UIControls.m in Sources */,
				178B097C1C26F6350037A9F0 /* AIZConvertorsViewController+UIConstraints.m in Sources */,
				17AA366A1C22B91B00004A65 /* AIZInfoViewController.m in Sources */,
				17C66DE81C1B1EFE00625005 /* AIZAppDelegate.m in Sources */,
				178B09851C26FBAF0037A9F0 /* AIZNumberEditViewController+UIConstraints.m in Sources */,
				178005F21C2B07F800E38C5A /* AIZNumber2WordViewController+UIConstraints.m in Sources */,
				17C66E131C1B319800625005 /* AIZNumbersMasterViewController.m in Sources */,
				17C66DE51C1B1EFE00625005 /* main.m in Sources */,
				178B09881C26FCF70037A9F0 /* AIZNumberDetailsViewController+UIControls.m in Sources */,
				178B09761C26F3380037A9F0 /* AIZInfoViewController+UIConstraints.m in Sources */,
				17C66DEB1C1B1EFE00625005 /* Mnemonics.xcdatamodeld in Sources */,
				17C66E101C1B2DB500625005 /* AIZCustomTableViewCell.m in Sources */,
				1788A67E1C26163600B131CF /* AIZDigitsStore.m in Sources */,
				178005FD1C2B0BE900E38C5A /* AIZNumberViewController+UIConstraints.m in Sources */,
				178005FA1C2B0B9000E38C5A /* AIZNumberViewController+UIControls.m in Sources */,
				1712C03E1C29E3E6005C2DCA /* AIZAllGamesViewController.m in Sources */,
				178006031C2B0C9700E38C5A /* AIZWordViewController+UIControls.m in Sources */,
				178B098E1C27067C0037A9F0 /* AIZNumbersMasterViewController+TableView.m in Sources */,
				17CC22861C2C335F00B29CB1 /* AIZGameStore.m in Sources */,
				178B09701C26DDC20037A9F0 /* AIZNumberEditViewController.m in Sources */,
			);
			runOnlyForDeploymentPostprocessing = 0;
		};
		17C66DF71C1B1EFE00625005 /* Sources */ = {
			isa = PBXSourcesBuildPhase;
			buildActionMask = 2147483647;
			files = (
				17C66E021C1B1EFE00625005 /* MnemonicsTests.m in Sources */,
			);
			runOnlyForDeploymentPostprocessing = 0;
		};
/* End PBXSourcesBuildPhase section */

/* Begin PBXTargetDependency section */
		17C66DFD1C1B1EFE00625005 /* PBXTargetDependency */ = {
			isa = PBXTargetDependency;
			target = 17C66DDE1C1B1EFE00625005 /* Mnemonics */;
			targetProxy = 17C66DFC1C1B1EFE00625005 /* PBXContainerItemProxy */;
		};
/* End PBXTargetDependency section */

/* Begin PBXVariantGroup section */
		17E98F621C20AB5D00A4E1AA /* LaunchScreen.xib */ = {
			isa = PBXVariantGroup;
			children = (
				17E98F631C20AB5D00A4E1AA /* Base */,
			);
			name = LaunchScreen.xib;
			path = ..;
			sourceTree = "<group>";
		};
/* End PBXVariantGroup section */

/* Begin XCBuildConfiguration section */
		17C66E031C1B1EFE00625005 /* Debug */ = {
			isa = XCBuildConfiguration;
			buildSettings = {
				ALWAYS_SEARCH_USER_PATHS = NO;
				CLANG_CXX_LANGUAGE_STANDARD = "gnu++0x";
				CLANG_CXX_LIBRARY = "libc++";
				CLANG_ENABLE_MODULES = YES;
				CLANG_ENABLE_OBJC_ARC = YES;
				CLANG_WARN_BOOL_CONVERSION = YES;
				CLANG_WARN_CONSTANT_CONVERSION = YES;
				CLANG_WARN_DIRECT_OBJC_ISA_USAGE = YES_ERROR;
				CLANG_WARN_EMPTY_BODY = YES;
				CLANG_WARN_ENUM_CONVERSION = YES;
				CLANG_WARN_INT_CONVERSION = YES;
				CLANG_WARN_OBJC_ROOT_CLASS = YES_ERROR;
				CLANG_WARN_UNREACHABLE_CODE = YES;
				CLANG_WARN__DUPLICATE_METHOD_MATCH = YES;
				"CODE_SIGN_IDENTITY[sdk=iphoneos*]" = "iPhone Developer";
				COPY_PHASE_STRIP = NO;
				DEBUG_INFORMATION_FORMAT = "dwarf-with-dsym";
				ENABLE_STRICT_OBJC_MSGSEND = YES;
				GCC_C_LANGUAGE_STANDARD = gnu99;
				GCC_DYNAMIC_NO_PIC = NO;
				GCC_NO_COMMON_BLOCKS = YES;
				GCC_OPTIMIZATION_LEVEL = 0;
				GCC_PREPROCESSOR_DEFINITIONS = (
					"DEBUG=1",
					"$(inherited)",
				);
				GCC_SYMBOLS_PRIVATE_EXTERN = NO;
				GCC_WARN_64_TO_32_BIT_CONVERSION = YES;
				GCC_WARN_ABOUT_RETURN_TYPE = YES_ERROR;
				GCC_WARN_UNDECLARED_SELECTOR = YES;
				GCC_WARN_UNINITIALIZED_AUTOS = YES_AGGRESSIVE;
				GCC_WARN_UNUSED_FUNCTION = YES;
				GCC_WARN_UNUSED_VARIABLE = YES;
				IPHONEOS_DEPLOYMENT_TARGET = 8.4;
				MTL_ENABLE_DEBUG_INFO = YES;
				ONLY_ACTIVE_ARCH = YES;
				SDKROOT = iphoneos;
			};
			name = Debug;
		};
		17C66E041C1B1EFE00625005 /* Release */ = {
			isa = XCBuildConfiguration;
			buildSettings = {
				ALWAYS_SEARCH_USER_PATHS = NO;
				CLANG_CXX_LANGUAGE_STANDARD = "gnu++0x";
				CLANG_CXX_LIBRARY = "libc++";
				CLANG_ENABLE_MODULES = YES;
				CLANG_ENABLE_OBJC_ARC = YES;
				CLANG_WARN_BOOL_CONVERSION = YES;
				CLANG_WARN_CONSTANT_CONVERSION = YES;
				CLANG_WARN_DIRECT_OBJC_ISA_USAGE = YES_ERROR;
				CLANG_WARN_EMPTY_BODY = YES;
				CLANG_WARN_ENUM_CONVERSION = YES;
				CLANG_WARN_INT_CONVERSION = YES;
				CLANG_WARN_OBJC_ROOT_CLASS = YES_ERROR;
				CLANG_WARN_UNREACHABLE_CODE = YES;
				CLANG_WARN__DUPLICATE_METHOD_MATCH = YES;
				"CODE_SIGN_IDENTITY[sdk=iphoneos*]" = "iPhone Developer";
				COPY_PHASE_STRIP = NO;
				DEBUG_INFORMATION_FORMAT = "dwarf-with-dsym";
				ENABLE_NS_ASSERTIONS = NO;
				ENABLE_STRICT_OBJC_MSGSEND = YES;
				GCC_C_LANGUAGE_STANDARD = gnu99;
				GCC_NO_COMMON_BLOCKS = YES;
				GCC_WARN_64_TO_32_BIT_CONVERSION = YES;
				GCC_WARN_ABOUT_RETURN_TYPE = YES_ERROR;
				GCC_WARN_UNDECLARED_SELECTOR = YES;
				GCC_WARN_UNINITIALIZED_AUTOS = YES_AGGRESSIVE;
				GCC_WARN_UNUSED_FUNCTION = YES;
				GCC_WARN_UNUSED_VARIABLE = YES;
				IPHONEOS_DEPLOYMENT_TARGET = 8.4;
				MTL_ENABLE_DEBUG_INFO = NO;
				SDKROOT = iphoneos;
				VALIDATE_PRODUCT = YES;
			};
			name = Release;
		};
		17C66E061C1B1EFE00625005 /* Debug */ = {
			isa = XCBuildConfiguration;
			buildSettings = {
				ASSETCATALOG_COMPILER_APPICON_NAME = AppIcon;
				INFOPLIST_FILE = "$(SRCROOT)/Mnemonics/Assets/Info.plist";
				LD_RUNPATH_SEARCH_PATHS = "$(inherited) @executable_path/Frameworks";
				PRODUCT_NAME = "$(TARGET_NAME)";
			};
			name = Debug;
		};
		17C66E071C1B1EFE00625005 /* Release */ = {
			isa = XCBuildConfiguration;
			buildSettings = {
				ASSETCATALOG_COMPILER_APPICON_NAME = AppIcon;
				INFOPLIST_FILE = "$(SRCROOT)/Mnemonics/Assets/Info.plist";
				LD_RUNPATH_SEARCH_PATHS = "$(inherited) @executable_path/Frameworks";
				PRODUCT_NAME = "$(TARGET_NAME)";
			};
			name = Release;
		};
		17C66E091C1B1EFE00625005 /* Debug */ = {
			isa = XCBuildConfiguration;
			buildSettings = {
				BUNDLE_LOADER = "$(TEST_HOST)";
				FRAMEWORK_SEARCH_PATHS = (
					"$(SDKROOT)/Developer/Library/Frameworks",
					"$(inherited)",
				);
				GCC_PREPROCESSOR_DEFINITIONS = (
					"DEBUG=1",
					"$(inherited)",
				);
				INFOPLIST_FILE = MnemonicsTests/Info.plist;
				LD_RUNPATH_SEARCH_PATHS = "$(inherited) @executable_path/Frameworks @loader_path/Frameworks";
				PRODUCT_NAME = "$(TARGET_NAME)";
				TEST_HOST = "$(BUILT_PRODUCTS_DIR)/Mnemonics.app/Mnemonics";
			};
			name = Debug;
		};
		17C66E0A1C1B1EFE00625005 /* Release */ = {
			isa = XCBuildConfiguration;
			buildSettings = {
				BUNDLE_LOADER = "$(TEST_HOST)";
				FRAMEWORK_SEARCH_PATHS = (
					"$(SDKROOT)/Developer/Library/Frameworks",
					"$(inherited)",
				);
				INFOPLIST_FILE = MnemonicsTests/Info.plist;
				LD_RUNPATH_SEARCH_PATHS = "$(inherited) @executable_path/Frameworks @loader_path/Frameworks";
				PRODUCT_NAME = "$(TARGET_NAME)";
				TEST_HOST = "$(BUILT_PRODUCTS_DIR)/Mnemonics.app/Mnemonics";
			};
			name = Release;
		};
/* End XCBuildConfiguration section */

/* Begin XCConfigurationList section */
		17C66DDA1C1B1EFE00625005 /* Build configuration list for PBXProject "Mnemonics" */ = {
			isa = XCConfigurationList;
			buildConfigurations = (
				17C66E031C1B1EFE00625005 /* Debug */,
				17C66E041C1B1EFE00625005 /* Release */,
			);
			defaultConfigurationIsVisible = 0;
			defaultConfigurationName = Release;
		};
		17C66E051C1B1EFE00625005 /* Build configuration list for PBXNativeTarget "Mnemonics" */ = {
			isa = XCConfigurationList;
			buildConfigurations = (
				17C66E061C1B1EFE00625005 /* Debug */,
				17C66E071C1B1EFE00625005 /* Release */,
			);
			defaultConfigurationIsVisible = 0;
			defaultConfigurationName = Release;
		};
		17C66E081C1B1EFE00625005 /* Build configuration list for PBXNativeTarget "MnemonicsTests" */ = {
			isa = XCConfigurationList;
			buildConfigurations = (
				17C66E091C1B1EFE00625005 /* Debug */,
				17C66E0A1C1B1EFE00625005 /* Release */,
			);
			defaultConfigurationIsVisible = 0;
			defaultConfigurationName = Release;
		};
/* End XCConfigurationList section */

/* Begin XCVersionGroup section */
		17C66DE91C1B1EFE00625005 /* Mnemonics.xcdatamodeld */ = {
			isa = XCVersionGroup;
			children = (
				17C66DEA1C1B1EFE00625005 /* Mnemonics.xcdatamodel */,
			);
			currentVersion = 17C66DEA1C1B1EFE00625005 /* Mnemonics.xcdatamodel */;
			path = Mnemonics.xcdatamodeld;
			sourceTree = "<group>";
			versionGroupType = wrapper.xcdatamodel;
		};
/* End XCVersionGroup section */
	};
	rootObject = 17C66DD71C1B1EFE00625005 /* Project object */;
}
